// !$*UTF8*$!
{
	archiveVersion = 1;
	classes = {
	};
	objectVersion = 55;
	objects = {

/* Begin PBXBuildFile section */
		EC282A7628BBACDA00B6DF69 /* GameViewController.swift in Sources */ = {isa = PBXBuildFile; fileRef = EC282A7528BBACDA00B6DF69 /* GameViewController.swift */; };
		EC2FA91128C663AC00575BD0 /* FinalScoreViewController.swift in Sources */ = {isa = PBXBuildFile; fileRef = EC2FA91028C663AC00575BD0 /* FinalScoreViewController.swift */; };
		EC3DFAB428BF9B4800E43953 /* ColorStructure.swift in Sources */ = {isa = PBXBuildFile; fileRef = EC3DFAB328BF9B4800E43953 /* ColorStructure.swift */; };
		EC3DFAB728BF9C9700E43953 /* ColorDetails.swift in Sources */ = {isa = PBXBuildFile; fileRef = EC3DFAB628BF9C9700E43953 /* ColorDetails.swift */; };
		EC41213A28B93D6C007E6A9D /* AppDelegate.swift in Sources */ = {isa = PBXBuildFile; fileRef = EC41213928B93D6C007E6A9D /* AppDelegate.swift */; };
		EC41213C28B93D6C007E6A9D /* SceneDelegate.swift in Sources */ = {isa = PBXBuildFile; fileRef = EC41213B28B93D6C007E6A9D /* SceneDelegate.swift */; };
		EC41213E28B93D6C007E6A9D /* DifficultyLevelController.swift in Sources */ = {isa = PBXBuildFile; fileRef = EC41213D28B93D6C007E6A9D /* DifficultyLevelController.swift */; };
		EC41214128B93D6C007E6A9D /* Main.storyboard in Resources */ = {isa = PBXBuildFile; fileRef = EC41213F28B93D6C007E6A9D /* Main.storyboard */; };
		EC41214328B93D6E007E6A9D /* Assets.xcassets in Resources */ = {isa = PBXBuildFile; fileRef = EC41214228B93D6E007E6A9D /* Assets.xcassets */; };
		EC41214628B93D6E007E6A9D /* LaunchScreen.storyboard in Resources */ = {isa = PBXBuildFile; fileRef = EC41214428B93D6E007E6A9D /* LaunchScreen.storyboard */; };
/* End PBXBuildFile section */

/* Begin PBXFileReference section */
		EC282A7528BBACDA00B6DF69 /* GameViewController.swift */ = {isa = PBXFileReference; lastKnownFileType = sourcecode.swift; path = GameViewController.swift; sourceTree = "<group>"; };
		EC2FA91028C663AC00575BD0 /* FinalScoreViewController.swift */ = {isa = PBXFileReference; lastKnownFileType = sourcecode.swift; path = FinalScoreViewController.swift; sourceTree = "<group>"; };
		EC3DFAB328BF9B4800E43953 /* ColorStructure.swift */ = {isa = PBXFileReference; lastKnownFileType = sourcecode.swift; path = ColorStructure.swift; sourceTree = "<group>"; };
		EC3DFAB628BF9C9700E43953 /* ColorDetails.swift */ = {isa = PBXFileReference; lastKnownFileType = sourcecode.swift; path = ColorDetails.swift; sourceTree = "<group>"; };
		EC41213628B93D6C007E6A9D /* GuessTheColor.app */ = {isa = PBXFileReference; explicitFileType = wrapper.application; includeInIndex = 0; path = GuessTheColor.app; sourceTree = BUILT_PRODUCTS_DIR; };
		EC41213928B93D6C007E6A9D /* AppDelegate.swift */ = {isa = PBXFileReference; lastKnownFileType = sourcecode.swift; path = AppDelegate.swift; sourceTree = "<group>"; };
		EC41213B28B93D6C007E6A9D /* SceneDelegate.swift */ = {isa = PBXFileReference; lastKnownFileType = sourcecode.swift; path = SceneDelegate.swift; sourceTree = "<group>"; };
		EC41213D28B93D6C007E6A9D /* DifficultyLevelController.swift */ = {isa = PBXFileReference; lastKnownFileType = sourcecode.swift; path = DifficultyLevelController.swift; sourceTree = "<group>"; };
		EC41214028B93D6C007E6A9D /* Base */ = {isa = PBXFileReference; lastKnownFileType = file.storyboard; name = Base; path = Base.lproj/Main.storyboard; sourceTree = "<group>"; };
		EC41214228B93D6E007E6A9D /* Assets.xcassets */ = {isa = PBXFileReference; lastKnownFileType = folder.assetcatalog; path = Assets.xcassets; sourceTree = "<group>"; };
		EC41214528B93D6E007E6A9D /* Base */ = {isa = PBXFileReference; lastKnownFileType = file.storyboard; name = Base; path = Base.lproj/LaunchScreen.storyboard; sourceTree = "<group>"; };
		EC41214728B93D6E007E6A9D /* Info.plist */ = {isa = PBXFileReference; lastKnownFileType = text.plist.xml; path = Info.plist; sourceTree = "<group>"; };
/* End PBXFileReference section */

/* Begin PBXFrameworksBuildPhase section */
		EC41213328B93D6C007E6A9D /* Frameworks */ = {
			isa = PBXFrameworksBuildPhase;
			buildActionMask = 2147483647;
			files = (
			);
			runOnlyForDeploymentPostprocessing = 0;
		};
/* End PBXFrameworksBuildPhase section */

/* Begin PBXGroup section */
		EC25417C28BB28EC00D3E669 /* Controllers */ = {
			isa = PBXGroup;
			children = (
				EC41213D28B93D6C007E6A9D /* DifficultyLevelController.swift */,
				EC282A7528BBACDA00B6DF69 /* GameViewController.swift */,
				EC2FA91028C663AC00575BD0 /* FinalScoreViewController.swift */,
			);
			path = Controllers;
			sourceTree = "<group>";
		};
		EC3DFAB528BF9B5400E43953 /* Model */ = {
			isa = PBXGroup;
			children = (
				EC3DFAB328BF9B4800E43953 /* ColorStructure.swift */,
				EC3DFAB628BF9C9700E43953 /* ColorDetails.swift */,
			);
			path = Model;
			sourceTree = "<group>";
		};
		EC41212D28B93D6C007E6A9D = {
			isa = PBXGroup;
			children = (
				EC41213828B93D6C007E6A9D /* GuessTheColor */,
				EC41213728B93D6C007E6A9D /* Products */,
			);
			sourceTree = "<group>";
		};
		EC41213728B93D6C007E6A9D /* Products */ = {
			isa = PBXGroup;
			children = (
				EC41213628B93D6C007E6A9D /* GuessTheColor.app */,
			);
			name = Products;
			sourceTree = "<group>";
		};
		EC41213828B93D6C007E6A9D /* GuessTheColor */ = {
			isa = PBXGroup;
			children = (
				EC41213928B93D6C007E6A9D /* AppDelegate.swift */,
				EC41213B28B93D6C007E6A9D /* SceneDelegate.swift */,
				EC3DFAB528BF9B5400E43953 /* Model */,
				EC25417C28BB28EC00D3E669 /* Controllers */,
				EC41214228B93D6E007E6A9D /* Assets.xcassets */,
				EC41213F28B93D6C007E6A9D /* Main.storyboard */,
				EC41214428B93D6E007E6A9D /* LaunchScreen.storyboard */,
				EC41214728B93D6E007E6A9D /* Info.plist */,
			);
			path = GuessTheColor;
			sourceTree = "<group>";
		};
/* End PBXGroup section */

/* Begin PBXNativeTarget section */
		EC41213528B93D6C007E6A9D /* GuessTheColor */ = {
			isa = PBXNativeTarget;
			buildConfigurationList = EC41214A28B93D6E007E6A9D /* Build configuration list for PBXNativeTarget "GuessTheColor" */;
			buildPhases = (
				EC41213228B93D6C007E6A9D /* Sources */,
				EC41213328B93D6C007E6A9D /* Frameworks */,
				EC41213428B93D6C007E6A9D /* Resources */,
			);
			buildRules = (
			);
			dependencies = (
			);
			name = GuessTheColor;
			productName = GuessTheColor;
			productReference = EC41213628B93D6C007E6A9D /* GuessTheColor.app */;
			productType = "com.apple.product-type.application";
		};
/* End PBXNativeTarget section */

/* Begin PBXProject section */
		EC41212E28B93D6C007E6A9D /* Project object */ = {
			isa = PBXProject;
			attributes = {
				BuildIndependentTargetsInParallel = 1;
				LastSwiftUpdateCheck = 1340;
				LastUpgradeCheck = 1340;
				TargetAttributes = {
					EC41213528B93D6C007E6A9D = {
						CreatedOnToolsVersion = 13.4;
					};
				};
			};
			buildConfigurationList = EC41213128B93D6C007E6A9D /* Build configuration list for PBXProject "GuessTheColor" */;
			compatibilityVersion = "Xcode 13.0";
			developmentRegion = en;
			hasScannedForEncodings = 0;
			knownRegions = (
				en,
				Base,
			);
			mainGroup = EC41212D28B93D6C007E6A9D;
			productRefGroup = EC41213728B93D6C007E6A9D /* Products */;
			projectDirPath = "";
			projectRoot = "";
			targets = (
				EC41213528B93D6C007E6A9D /* GuessTheColor */,
			);
		};
/* End PBXProject section */

/* Begin PBXResourcesBuildPhase section */
		EC41213428B93D6C007E6A9D /* Resources */ = {
			isa = PBXResourcesBuildPhase;
			buildActionMask = 2147483647;
			files = (
				EC41214628B93D6E007E6A9D /* LaunchScreen.storyboard in Resources */,
				EC41214328B93D6E007E6A9D /* Assets.xcassets in Resources */,
				EC41214128B93D6C007E6A9D /* Main.storyboard in Resources */,
			);
			runOnlyForDeploymentPostprocessing = 0;
		};
/* End PBXResourcesBuildPhase section */

/* Begin PBXSourcesBuildPhase section */
		EC41213228B93D6C007E6A9D /* Sources */ = {
			isa = PBXSourcesBuildPhase;
			buildActionMask = 2147483647;
			files = (
				EC41213E28B93D6C007E6A9D /* DifficultyLevelController.swift in Sources */,
				EC41213A28B93D6C007E6A9D /* AppDelegate.swift in Sources */,
				EC2FA91128C663AC00575BD0 /* FinalScoreViewController.swift in Sources */,
				EC282A7628BBACDA00B6DF69 /* GameViewController.swift in Sources */,
				EC3DFAB428BF9B4800E43953 /* ColorStructure.swift in Sources */,
				EC3DFAB728BF9C9700E43953 /* ColorDetails.swift in Sources */,
				EC41213C28B93D6C007E6A9D /* SceneDelegate.swift in Sources */,
			);
			runOnlyForDeploymentPostprocessing = 0;
		};
/* End PBXSourcesBuildPhase section */

/* Begin PBXVariantGroup section */
		EC41213F28B93D6C007E6A9D /* Main.storyboard */ = {
			isa = PBXVariantGroup;
			children = (
				EC41214028B93D6C007E6A9D /* Base */,
			);
			name = Main.storyboard;
			sourceTree = "<group>";
		};
		EC41214428B93D6E007E6A9D /* LaunchScreen.storyboard */ = {
			isa = PBXVariantGroup;
			children = (
				EC41214528B93D6E007E6A9D /* Base */,
			);
			name = LaunchScreen.storyboard;
			sourceTree = "<group>";
		};
/* End PBXVariantGroup section */

/* Begin XCBuildConfiguration section */
		EC41214828B93D6E007E6A9D /* Debug */ = {
			isa = XCBuildConfiguration;
			buildSettings = {
				ALWAYS_SEARCH_USER_PATHS = NO;
				CLANG_ANALYZER_NONNULL = YES;
				CLANG_ANALYZER_NUMBER_OBJECT_CONVERSION = YES_AGGRESSIVE;
				CLANG_CXX_LANGUAGE_STANDARD = "gnu++17";
				CLANG_ENABLE_MODULES = YES;
				CLANG_ENABLE_OBJC_ARC = YES;
				CLANG_ENABLE_OBJC_WEAK = YES;
				CLANG_WARN_BLOCK_CAPTURE_AUTORELEASING = YES;
				CLANG_WARN_BOOL_CONVERSION = YES;
				CLANG_WARN_COMMA = YES;
				CLANG_WARN_CONSTANT_CONVERSION = YES;
				CLANG_WARN_DEPRECATED_OBJC_IMPLEMENTATIONS = YES;
				CLANG_WARN_DIRECT_OBJC_ISA_USAGE = YES_ERROR;
				CLANG_WARN_DOCUMENTATION_COMMENTS = YES;
				CLANG_WARN_EMPTY_BODY = YES;
				CLANG_WARN_ENUM_CONVERSION = YES;
				CLANG_WARN_INFINITE_RECURSION = YES;
				CLANG_WARN_INT_CONVERSION = YES;
				CLANG_WARN_NON_LITERAL_NULL_CONVERSION = YES;
				CLANG_WARN_OBJC_IMPLICIT_RETAIN_SELF = YES;
				CLANG_WARN_OBJC_LITERAL_CONVERSION = YES;
				CLANG_WARN_OBJC_ROOT_CLASS = YES_ERROR;
				CLANG_WARN_QUOTED_INCLUDE_IN_FRAMEWORK_HEADER = YES;
				CLANG_WARN_RANGE_LOOP_ANALYSIS = YES;
				CLANG_WARN_STRICT_PROTOTYPES = YES;
				CLANG_WARN_SUSPICIOUS_MOVE = YES;
				CLANG_WARN_UNGUARDED_AVAILABILITY = YES_AGGRESSIVE;
				CLANG_WARN_UNREACHABLE_CODE = YES;
				CLANG_WARN__DUPLICATE_METHOD_MATCH = YES;
				COPY_PHASE_STRIP = NO;
				DEBUG_INFORMATION_FORMAT = dwarf;
				ENABLE_STRICT_OBJC_MSGSEND = YES;
				ENABLE_TESTABILITY = YES;
				GCC_C_LANGUAGE_STANDARD = gnu11;
				GCC_DYNAMIC_NO_PIC = NO;
				GCC_NO_COMMON_BLOCKS = YES;
				GCC_OPTIMIZATION_LEVEL = 0;
				GCC_PREPROCESSOR_DEFINITIONS = (
					"DEBUG=1",
					"$(inherited)",
				);
				GCC_WARN_64_TO_32_BIT_CONVERSION = YES;
				GCC_WARN_ABOUT_RETURN_TYPE = YES_ERROR;
				GCC_WARN_UNDECLARED_SELECTOR = YES;
				GCC_WARN_UNINITIALIZED_AUTOS = YES_AGGRESSIVE;
				GCC_WARN_UNUSED_FUNCTION = YES;
				GCC_WARN_UNUSED_VARIABLE = YES;
				IPHONEOS_DEPLOYMENT_TARGET = 15.5;
				MTL_ENABLE_DEBUG_INFO = INCLUDE_SOURCE;
				MTL_FAST_MATH = YES;
				ONLY_ACTIVE_ARCH = YES;
				SDKROOT = iphoneos;
				SWIFT_ACTIVE_COMPILATION_CONDITIONS = DEBUG;
				SWIFT_OPTIMIZATION_LEVEL = "-Onone";
			};
			name = Debug;
		};
		EC41214928B93D6E007E6A9D /* Release */ = {
			isa = XCBuildConfiguration;
			buildSettings = {
				ALWAYS_SEARCH_USER_PATHS = NO;
				CLANG_ANALYZER_NONNULL = YES;
				CLANG_ANALYZER_NUMBER_OBJECT_CONVERSION = YES_AGGRESSIVE;
				CLANG_CXX_LANGUAGE_STANDARD = "gnu++17";
				CLANG_ENABLE_MODULES = YES;
				CLANG_ENABLE_OBJC_ARC = YES;
				CLANG_ENABLE_OBJC_WEAK = YES;
				CLANG_WARN_BLOCK_CAPTURE_AUTORELEASING = YES;
				CLANG_WARN_BOOL_CONVERSION = YES;
				CLANG_WARN_COMMA = YES;
				CLANG_WARN_CONSTANT_CONVERSION = YES;
				CLANG_WARN_DEPRECATED_OBJC_IMPLEMENTATIONS = YES;
				CLANG_WARN_DIRECT_OBJC_ISA_USAGE = YES_ERROR;
				CLANG_WARN_DOCUMENTATION_COMMENTS = YES;
				CLANG_WARN_EMPTY_BODY = YES;
				CLANG_WARN_ENUM_CONVERSION = YES;
				CLANG_WARN_INFINITE_RECURSION = YES;
				CLANG_WARN_INT_CONVERSION = YES;
				CLANG_WARN_NON_LITERAL_NULL_CONVERSION = YES;
				CLANG_WARN_OBJC_IMPLICIT_RETAIN_SELF = YES;
				CLANG_WARN_OBJC_LITERAL_CONVERSION = YES;
				CLANG_WARN_OBJC_ROOT_CLASS = YES_ERROR;
				CLANG_WARN_QUOTED_INCLUDE_IN_FRAMEWORK_HEADER = YES;
				CLANG_WARN_RANGE_LOOP_ANALYSIS = YES;
				CLANG_WARN_STRICT_PROTOTYPES = YES;
				CLANG_WARN_SUSPICIOUS_MOVE = YES;
				CLANG_WARN_UNGUARDED_AVAILABILITY = YES_AGGRESSIVE;
				CLANG_WARN_UNREACHABLE_CODE = YES;
				CLANG_WARN__DUPLICATE_METHOD_MATCH = YES;
				COPY_PHASE_STRIP = NO;
				DEBUG_INFORMATION_FORMAT = "dwarf-with-dsym";
				ENABLE_NS_ASSERTIONS = NO;
				ENABLE_STRICT_OBJC_MSGSEND = YES;
				GCC_C_LANGUAGE_STANDARD = gnu11;
				GCC_NO_COMMON_BLOCKS = YES;
				GCC_WARN_64_TO_32_BIT_CONVERSION = YES;
				GCC_WARN_ABOUT_RETURN_TYPE = YES_ERROR;
				GCC_WARN_UNDECLARED_SELECTOR = YES;
				GCC_WARN_UNINITIALIZED_AUTOS = YES_AGGRESSIVE;
				GCC_WARN_UNUSED_FUNCTION = YES;
				GCC_WARN_UNUSED_VARIABLE = YES;
				IPHONEOS_DEPLOYMENT_TARGET = 15.5;
				MTL_ENABLE_DEBUG_INFO = NO;
				MTL_FAST_MATH = YES;
				SDKROOT = iphoneos;
				SWIFT_COMPILATION_MODE = wholemodule;
				SWIFT_OPTIMIZATION_LEVEL = "-O";
				VALIDATE_PRODUCT = YES;
			};
			name = Release;
		};
		EC41214B28B93D6E007E6A9D /* Debug */ = {
			isa = XCBuildConfiguration;
			buildSettings = {
				ASSETCATALOG_COMPILER_APPICON_NAME = AppIcon;
				ASSETCATALOG_COMPILER_GLOBAL_ACCENT_COLOR_NAME = AccentColor;
				CODE_SIGN_STYLE = Automatic;
				CURRENT_PROJECT_VERSION = 1;
				DEVELOPMENT_TEAM = X26M5K988G;
				GENERATE_INFOPLIST_FILE = YES;
				INFOPLIST_FILE = GuessTheColor/Info.plist;
				INFOPLIST_KEY_UIApplicationSupportsIndirectInputEvents = YES;
				INFOPLIST_KEY_UILaunchStoryboardName = LaunchScreen;
				INFOPLIST_KEY_UIMainStoryboardFile = Main;
				INFOPLIST_KEY_UISupportedInterfaceOrientations_iPad = "UIInterfaceOrientationPortrait UIInterfaceOrientationPortraitUpsideDown UIInterfaceOrientationLandscapeLeft UIInterfaceOrientationLandscapeRight";
				INFOPLIST_KEY_UISupportedInterfaceOrientations_iPhone = "UIInterfaceOrientationPortrait UIInterfaceOrientationLandscapeLeft UIInterfaceOrientationLandscapeRight";
				LD_RUNPATH_SEARCH_PATHS = (
					"$(inherited)",
					"@executable_path/Frameworks",
				);
				MARKETING_VERSION = 1.0;
				PRODUCT_BUNDLE_IDENTIFIER = com.Yogesh.GuessTheColor;
				PRODUCT_NAME = "$(TARGET_NAME)";
				SWIFT_EMIT_LOC_STRINGS = YES;
				SWIFT_VERSION = 5.0;
				TARGETED_DEVICE_FAMILY = 1;
			};
			name = Debug;
		};
		EC41214C28B93D6E007E6A9D /* Release */ = {
			isa = XCBuildConfiguration;
			buildSettings = {
				ASSETCATALOG_COMPILER_APPICON_NAME = AppIcon;
				ASSETCATALOG_COMPILER_GLOBAL_ACCENT_COLOR_NAME = AccentColor;
				CODE_SIGN_STYLE = Automatic;
				CURRENT_PROJECT_VERSION = 1;
				DEVELOPMENT_TEAM = X26M5K988G;
				GENERATE_INFOPLIST_FILE = YES;
				INFOPLIST_FILE = GuessTheColor/Info.plist;
				INFOPLIST_KEY_UIApplicationSupportsIndirectInputEvents = YES;
				INFOPLIST_KEY_UILaunchStoryboardName = LaunchScreen;
				INFOPLIST_KEY_UIMainStoryboardFile = Main;
				INFOPLIST_KEY_UISupportedInterfaceOrientations_iPad = "UIInterfaceOrientationPortrait UIInterfaceOrientationPortraitUpsideDown UIInterfaceOrientationLandscapeLeft UIInterfaceOrientationLandscapeRight";
				INFOPLIST_KEY_UISupportedInterfaceOrientations_iPhone = "UIInterfaceOrientationPortrait UIInterfaceOrientationLandscapeLeft UIInterfaceOrientationLandscapeRight";
				LD_RUNPATH_SEARCH_PATHS = (
					"$(inherited)",
					"@executable_path/Frameworks",
				);
				MARKETING_VERSION = 1.0;
				PRODUCT_BUNDLE_IDENTIFIER = com.Yogesh.GuessTheColor;
				PRODUCT_NAME = "$(TARGET_NAME)";
				SWIFT_EMIT_LOC_STRINGS = YES;
				SWIFT_VERSION = 5.0;
				TARGETED_DEVICE_FAMILY = 1;
			};
			name = Release;
		};
/* End XCBuildConfiguration section */

/* Begin XCConfigurationList section */
		EC41213128B93D6C007E6A9D /* Build configuration list for PBXProject "GuessTheColor" */ = {
			isa = XCConfigurationList;
			buildConfigurations = (
				EC41214828B93D6E007E6A9D /* Debug */,
				EC41214928B93D6E007E6A9D /* Release */,
			);
			defaultConfigurationIsVisible = 0;
			defaultConfigurationName = Release;
		};
		EC41214A28B93D6E007E6A9D /* Build configuration list for PBXNativeTarget "GuessTheColor" */ = {
			isa = XCConfigurationList;
			buildConfigurations = (
				EC41214B28B93D6E007E6A9D /* Debug */,
				EC41214C28B93D6E007E6A9D /* Release */,
			);
			defaultConfigurationIsVisible = 0;
			defaultConfigurationName = Release;
		};
/* End XCConfigurationList section */
	};
	rootObject = EC41212E28B93D6C007E6A9D /* Project object */;
}
